// !$*UTF8*$!
{
	archiveVersion = 1;
	classes = {};
	objectVersion = 56;
	objects = {

/* Begin PBXBuildFile section */
		A20000000000000000000001 /* MarketGlanceApp.swift in Sources */ = {isa = PBXBuildFile; fileRef = A30000000000000000000001 /* MarketGlanceApp.swift */; };
		A20000000000000000000002 /* MarketGlanceWidget.swift in Sources */ = {isa = PBXBuildFile; fileRef = A30000000000000000000002 /* MarketGlanceWidget.swift */; };
		A20000000000000000000003 /* MarketGlanceWidgetExtension.appex in Embed App Extensions */ = {isa = PBXBuildFile; fileRef = A30000000000000000000007 /* MarketGlanceWidgetExtension.appex */; settings = {ATTRIBUTES = (CodeSignOnCopy, RemoveHeadersOnCopy, ); }; };
		A20000000000000000000004 /* Assets.xcassets in Resources */ = {isa = PBXBuildFile; fileRef = A30000000000000000000009 /* Assets.xcassets */; };
/* End PBXBuildFile section */

/* Begin PBXContainerItemProxy section */
		A70000000000000000000001 /* PBXContainerItemProxy */ = {
			isa = PBXContainerItemProxy;
			containerPortal = A10000000000000000000001 /* Project object */;
			proxyType = 1;
			remoteGlobalIDString = A50000000000000000000002;
			remoteInfo = MarketGlanceWidgetExtension;
		};
/* End PBXContainerItemProxy section */

/* Begin PBXCopyFilesBuildPhase section */
		A60000000000000000000004 /* Embed App Extensions */ = {
			isa = PBXCopyFilesBuildPhase;
			buildActionMask = 2147483647;
			dstPath = "";
			dstSubfolderSpec = 13;
			files = (A20000000000000000000003 /* MarketGlanceWidgetExtension.appex in Embed App Extensions */, );
			name = "Embed App Extensions";
			runOnlyForDeploymentPostprocessing = 0;
		};
/* End PBXCopyFilesBuildPhase section */

/* Begin PBXFileReference section */
		A30000000000000000000001 /* MarketGlanceApp.swift */ = {isa = PBXFileReference; lastKnownFileType = sourcecode.swift; path = MarketGlanceApp.swift; sourceTree = "<group>"; };
		A30000000000000000000002 /* MarketGlanceWidget.swift */ = {isa = PBXFileReference; lastKnownFileType = sourcecode.swift; path = MarketGlanceWidget.swift; sourceTree = "<group>"; };
		A30000000000000000000003 /* App-Info.plist */ = {isa = PBXFileReference; lastKnownFileType = text.plist.xml; path = App-Info.plist; sourceTree = "<group>"; };
		A30000000000000000000004 /* Widget-Info.plist */ = {isa = PBXFileReference; lastKnownFileType = text.plist.xml; path = Widget-Info.plist; sourceTree = "<group>"; };
		A30000000000000000000005 /* App.entitlements */ = {isa = PBXFileReference; lastKnownFileType = text.plist.entitlements; path = App.entitlements; sourceTree = "<group>"; };
		A30000000000000000000006 /* Widget.entitlements */ = {isa = PBXFileReference; lastKnownFileType = text.plist.entitlements; path = Widget.entitlements; sourceTree = "<group>"; };
		A30000000000000000000007 /* MarketGlanceWidgetExtension.appex */ = {isa = PBXFileReference; explicitFileType = wrapper.app-extension; includeInIndex = 0; path = MarketGlanceWidgetExtension.appex; sourceTree = BUILT_PRODUCTS_DIR; };
		A30000000000000000000008 /* MarketGlance.app */ = {isa = PBXFileReference; explicitFileType = wrapper.application; includeInIndex = 0; path = MarketGlance.app; sourceTree = BUILT_PRODUCTS_DIR; };
		A30000000000000000000009 /* Assets.xcassets */ = {isa = PBXFileReference; lastKnownFileType = folder.assetcatalog; path = Assets.xcassets; sourceTree = "<group>"; };
/* End PBXFileReference section */

/* Begin PBXFrameworksBuildPhase section */
		A60000000000000000000002 /* Frameworks */ = {isa = PBXFrameworksBuildPhase; buildActionMask = 2147483647; files = (); runOnlyForDeploymentPostprocessing = 0; };
		A60000000000000000000005 /* Frameworks */ = {isa = PBXFrameworksBuildPhase; buildActionMask = 2147483647; files = (); runOnlyForDeploymentPostprocessing = 0; };
/* End PBXFrameworksBuildPhase section */

/* Begin PBXGroup section */
		A40000000000000000000001 = {
			isa = PBXGroup;
			children = (
				A30000000000000000000001 /* MarketGlanceApp.swift */,
				A30000000000000000000002 /* MarketGlanceWidget.swift */,
				A30000000000000000000003 /* App-Info.plist */,
				A30000000000000000000004 /* Widget-Info.plist */,
				A30000000000000000000005 /* App.entitlements */,
				A30000000000000000000006 /* Widget.entitlements */,
				A30000000000000000000009 /* Assets.xcassets */,
				A40000000000000000000002 /* Products */,
			);
			sourceTree = "<group>";
		};
		A40000000000000000000002 /* Products */ = {
			isa = PBXGroup;
			name = Products;
			children = (
				A30000000000000000000008 /* MarketGlance.app */,
				A30000000000000000000007 /* MarketGlanceWidgetExtension.appex */,
			);
			sourceTree = "<group>";
		};
/* End PBXGroup section */

/* Begin PBXNativeTarget section */
		A50000000000000000000001 /* MarketGlance */ = {
			isa = PBXNativeTarget;
			buildConfigurationList = A80000000000000000000003 /* Build configuration list for PBXNativeTarget "MarketGlance" */;
			buildPhases = (
				A60000000000000000000001 /* Sources */,
				A60000000000000000000002 /* Frameworks */,
				A60000000000000000000003 /* Resources */,
				A60000000000000000000004 /* Embed App Extensions */,
			);
			buildRules = ();
			dependencies = (A70000000000000000000002 /* PBXTargetDependency */, );
			name = MarketGlance;
			productName = MarketGlance;
			productReference = A30000000000000000000008 /* MarketGlance.app */;
			productType = "com.apple.product-type.application";
		};
		A50000000000000000000002 /* MarketGlanceWidgetExtension */ = {
			isa = PBXNativeTarget;
			buildConfigurationList = A80000000000000000000004 /* Build configuration list for PBXNativeTarget "MarketGlanceWidgetExtension" */;
			buildPhases = (
				A60000000000000000000006 /* Sources */,
				A60000000000000000000005 /* Frameworks */,
				A60000000000000000000007 /* Resources */,
			);
			buildRules = ();
			dependencies = ();
			name = MarketGlanceWidgetExtension;
			productName = MarketGlanceWidgetExtension;
			productReference = A30000000000000000000007 /* MarketGlanceWidgetExtension.appex */;
			productType = "com.apple.product-type.app-extension";
		};
/* End PBXNativeTarget section */

/* Begin PBXProject section */
		A10000000000000000000001 /* Project object */ = {
			isa = PBXProject;
			attributes = {
				BuildIndependentTargetsInParallel = 1;
				LastUpgradeCheck = 1600;
				TargetAttributes = {
					A50000000000000000000001 = {CreatedOnToolsVersion = 16.0; };
					A50000000000000000000002 = {CreatedOnToolsVersion = 16.0; };
				};
			};
			buildConfigurationList = A80000000000000000000001 /* Build configuration list for PBXProject "MarketGlance" */;
			compatibilityVersion = "Xcode 14.0";
			developmentRegion = zh_CN;
			hasScannedForEncodings = 0;
			knownRegions = (en, Base, zh_CN, );
			mainGroup = A40000000000000000000001;
			productRefGroup = A40000000000000000000002 /* Products */;
			projectDirPath = "";
			projectRoot = "";
			targets = (
				A50000000000000000000001 /* MarketGlance */,
				A50000000000000000000002 /* MarketGlanceWidgetExtension */,
			);
		};
/* End PBXProject section */

/* Begin PBXResourcesBuildPhase section */
		A60000000000000000000003 /* Resources */ = {isa = PBXResourcesBuildPhase; buildActionMask = 2147483647; files = (A20000000000000000000004 /* Assets.xcassets in Resources */, ); runOnlyForDeploymentPostprocessing = 0; };
		A60000000000000000000007 /* Resources */ = {isa = PBXResourcesBuildPhase; buildActionMask = 2147483647; files = (); runOnlyForDeploymentPostprocessing = 0; };
/* End PBXResourcesBuildPhase section */

/* Begin PBXSourcesBuildPhase section */
		A60000000000000000000001 /* Sources */ = {isa = PBXSourcesBuildPhase; buildActionMask = 2147483647; files = (A20000000000000000000001 /* MarketGlanceApp.swift in Sources */, ); runOnlyForDeploymentPostprocessing = 0; };
		A60000000000000000000006 /* Sources */ = {isa = PBXSourcesBuildPhase; buildActionMask = 2147483647; files = (A20000000000000000000002 /* MarketGlanceWidget.swift in Sources */, ); runOnlyForDeploymentPostprocessing = 0; };
/* End PBXSourcesBuildPhase section */

/* Begin PBXTargetDependency section */
		A70000000000000000000002 /* PBXTargetDependency */ = {isa = PBXTargetDependency; target = A50000000000000000000002 /* MarketGlanceWidgetExtension */; targetProxy = A70000000000000000000001 /* PBXContainerItemProxy */; };
/* End PBXTargetDependency section */

/* Begin XCBuildConfiguration section */
		A90000000000000000000001 /* Debug Project */ = {
			isa = XCBuildConfiguration;
			buildSettings = {MARKET_GLANCE_API_PORT = 8090; MACOSX_DEPLOYMENT_TARGET = 14.0; SDKROOT = macosx; SWIFT_VERSION = 5.9; };
			name = Debug;
		};
		A90000000000000000000002 /* Release Project */ = {
			isa = XCBuildConfiguration;
			buildSettings = {MARKET_GLANCE_API_PORT = 8090; MACOSX_DEPLOYMENT_TARGET = 14.0; SDKROOT = macosx; SWIFT_VERSION = 5.9; };
			name = Release;
		};
		A90000000000000000000003 /* Debug App */ = {
			isa = XCBuildConfiguration;
			buildSettings = {
				CODE_SIGN_ENTITLEMENTS = App.entitlements;
				CODE_SIGN_IDENTITY = "-";
				CODE_SIGN_STYLE = Manual;
					ASSETCATALOG_COMPILER_APPICON_NAME = AppIcon;
				CURRENT_PROJECT_VERSION = 1;
				ENABLE_HARDENED_RUNTIME = YES;
				GENERATE_INFOPLIST_FILE = NO;
				INFOPLIST_FILE = App-Info.plist;
				MACOSX_DEPLOYMENT_TARGET = 14.0;
				MARKETING_VERSION = 1.0;
				PRODUCT_BUNDLE_IDENTIFIER = io.marketglance.widgetapp;
				PRODUCT_NAME = MarketGlance;
				SDKROOT = macosx;
				SUPPORTED_PLATFORMS = macosx;
				SWIFT_VERSION = 5.9;
			};
			name = Debug;
		};
		A90000000000000000000004 /* Release App */ = {
			isa = XCBuildConfiguration;
			buildSettings = {
				CODE_SIGN_ENTITLEMENTS = App.entitlements;
				CODE_SIGN_IDENTITY = "-";
				CODE_SIGN_STYLE = Manual;
					ASSETCATALOG_COMPILER_APPICON_NAME = AppIcon;
				CURRENT_PROJECT_VERSION = 1;
				ENABLE_HARDENED_RUNTIME = YES;
				GENERATE_INFOPLIST_FILE = NO;
				INFOPLIST_FILE = App-Info.plist;
				MACOSX_DEPLOYMENT_TARGET = 14.0;
				MARKETING_VERSION = 1.0;
				PRODUCT_BUNDLE_IDENTIFIER = io.marketglance.widgetapp;
				PRODUCT_NAME = MarketGlance;
				SDKROOT = macosx;
				SUPPORTED_PLATFORMS = macosx;
				SWIFT_VERSION = 5.9;
			};
			name = Release;
		};
		A90000000000000000000005 /* Debug Widget Extension */ = {
			isa = XCBuildConfiguration;
			buildSettings = {
				APPLICATION_EXTENSION_API_ONLY = YES;
				CODE_SIGN_ENTITLEMENTS = Widget.entitlements;
				CODE_SIGN_IDENTITY = "-";
				CODE_SIGN_STYLE = Manual;
				CURRENT_PROJECT_VERSION = 1;
				ENABLE_HARDENED_RUNTIME = YES;
				GENERATE_INFOPLIST_FILE = NO;
				INFOPLIST_FILE = Widget-Info.plist;
				MACOSX_DEPLOYMENT_TARGET = 14.0;
				MARKETING_VERSION = 1.0;
				PRODUCT_BUNDLE_IDENTIFIER = io.marketglance.widgetapp.widget;
				PRODUCT_NAME = MarketGlanceWidgetExtension;
				SDKROOT = macosx;
				SKIP_INSTALL = YES;
				SUPPORTED_PLATFORMS = macosx;
				SWIFT_VERSION = 5.9;
			};
			name = Debug;
		};
		A90000000000000000000006 /* Release Widget Extension */ = {
			isa = XCBuildConfiguration;
			buildSettings = {
				APPLICATION_EXTENSION_API_ONLY = YES;
				CODE_SIGN_ENTITLEMENTS = Widget.entitlements;
				CODE_SIGN_IDENTITY = "-";
				CODE_SIGN_STYLE = Manual;
				CURRENT_PROJECT_VERSION = 1;
				ENABLE_HARDENED_RUNTIME = YES;
				GENERATE_INFOPLIST_FILE = NO;
				INFOPLIST_FILE = Widget-Info.plist;
				MACOSX_DEPLOYMENT_TARGET = 14.0;
				MARKETING_VERSION = 1.0;
				PRODUCT_BUNDLE_IDENTIFIER = io.marketglance.widgetapp.widget;
				PRODUCT_NAME = MarketGlanceWidgetExtension;
				SDKROOT = macosx;
				SKIP_INSTALL = YES;
				SUPPORTED_PLATFORMS = macosx;
				SWIFT_VERSION = 5.9;
			};
			name = Release;
		};
/* End XCBuildConfiguration section */

/* Begin XCConfigurationList section */
		A80000000000000000000001 /* Build configuration list for PBXProject "MarketGlance" */ = {isa = XCConfigurationList; buildConfigurations = (A90000000000000000000001 /* Debug Project */, A90000000000000000000002 /* Release Project */, ); defaultConfigurationIsVisible = 0; defaultConfigurationName = Release; };
		A80000000000000000000003 /* Build configuration list for PBXNativeTarget "MarketGlance" */ = {isa = XCConfigurationList; buildConfigurations = (A90000000000000000000003 /* Debug App */, A90000000000000000000004 /* Release App */, ); defaultConfigurationIsVisible = 0; defaultConfigurationName = Release; };
		A80000000000000000000004 /* Build configuration list for PBXNativeTarget "MarketGlanceWidgetExtension" */ = {isa = XCConfigurationList; buildConfigurations = (A90000000000000000000005 /* Debug Widget Extension */, A90000000000000000000006 /* Release Widget Extension */, ); defaultConfigurationIsVisible = 0; defaultConfigurationName = Release; };
/* End XCConfigurationList section */
	};
	rootObject = A10000000000000000000001 /* Project object */;
}
